// !$*UTF8*$!
{
	archiveVersion = 1;
	classes = {
	};
	objectVersion = 46;
	objects = {

/* Begin PBXBuildFile section */
		7ACE87821BD7F96A00A6CE7F /* AppDelegate.swift in Sources */ = {isa = PBXBuildFile; fileRef = 7ACE87811BD7F96A00A6CE7F /* AppDelegate.swift */; };
		7ACE87841BD7F96A00A6CE7F /* ViewController.swift in Sources */ = {isa = PBXBuildFile; fileRef = 7ACE87831BD7F96A00A6CE7F /* ViewController.swift */; };
		7ACE87871BD7F96A00A6CE7F /* Main.storyboard in Resources */ = {isa = PBXBuildFile; fileRef = 7ACE87851BD7F96A00A6CE7F /* Main.storyboard */; };
		7ACE87891BD7F96A00A6CE7F /* Assets.xcassets in Resources */ = {isa = PBXBuildFile; fileRef = 7ACE87881BD7F96A00A6CE7F /* Assets.xcassets */; };
		7ACE878C1BD7F96A00A6CE7F /* LaunchScreen.storyboard in Resources */ = {isa = PBXBuildFile; fileRef = 7ACE878A1BD7F96A00A6CE7F /* LaunchScreen.storyboard */; };
		7ACE87911BD7F96A00A6CE7F /* FallWatch WatchKit App.app in Embed Watch Content */ = {isa = PBXBuildFile; fileRef = 7ACE87901BD7F96A00A6CE7F /* FallWatch WatchKit App.app */; };
		7ACE87971BD7F96A00A6CE7F /* Interface.storyboard in Resources */ = {isa = PBXBuildFile; fileRef = 7ACE87951BD7F96A00A6CE7F /* Interface.storyboard */; };
		7ACE87991BD7F96A00A6CE7F /* Assets.xcassets in Resources */ = {isa = PBXBuildFile; fileRef = 7ACE87981BD7F96A00A6CE7F /* Assets.xcassets */; };
		7ACE87A01BD7F96A00A6CE7F /* FallWatch WatchKit Extension.appex in Embed App Extensions */ = {isa = PBXBuildFile; fileRef = 7ACE879F1BD7F96A00A6CE7F /* FallWatch WatchKit Extension.appex */; settings = {ATTRIBUTES = (RemoveHeadersOnCopy, ); }; };
		7ACE87A71BD7F96A00A6CE7F /* InterfaceController.swift in Sources */ = {isa = PBXBuildFile; fileRef = 7ACE87A61BD7F96A00A6CE7F /* InterfaceController.swift */; };
		7ACE87A91BD7F96A00A6CE7F /* ExtensionDelegate.swift in Sources */ = {isa = PBXBuildFile; fileRef = 7ACE87A81BD7F96A00A6CE7F /* ExtensionDelegate.swift */; };
		7ACE87AB1BD7F96A00A6CE7F /* NotificationController.swift in Sources */ = {isa = PBXBuildFile; fileRef = 7ACE87AA1BD7F96A00A6CE7F /* NotificationController.swift */; };
		7ACE87AD1BD7F96A00A6CE7F /* Assets.xcassets in Resources */ = {isa = PBXBuildFile; fileRef = 7ACE87AC1BD7F96A00A6CE7F /* Assets.xcassets */; };
/* End PBXBuildFile section */

/* Begin PBXContainerItemProxy section */
		7ACE87921BD7F96A00A6CE7F /* PBXContainerItemProxy */ = {
			isa = PBXContainerItemProxy;
			containerPortal = 7ACE87761BD7F96900A6CE7F /* Project object */;
			proxyType = 1;
			remoteGlobalIDString = 7ACE878F1BD7F96A00A6CE7F;
			remoteInfo = "FallWatch WatchKit App";
		};
		7ACE87A11BD7F96A00A6CE7F /* PBXContainerItemProxy */ = {
			isa = PBXContainerItemProxy;
			containerPortal = 7ACE87761BD7F96900A6CE7F /* Project object */;
			proxyType = 1;
			remoteGlobalIDString = 7ACE879E1BD7F96A00A6CE7F;
			remoteInfo = "FallWatch WatchKit Extension";
		};
/* End PBXContainerItemProxy section */

/* Begin PBXCopyFilesBuildPhase section */
		7ACE87B41BD7F96A00A6CE7F /* Embed App Extensions */ = {
			isa = PBXCopyFilesBuildPhase;
			buildActionMask = 2147483647;
			dstPath = "";
			dstSubfolderSpec = 13;
			files = (
				7ACE87A01BD7F96A00A6CE7F /* FallWatch WatchKit Extension.appex in Embed App Extensions */,
			);
			name = "Embed App Extensions";
			runOnlyForDeploymentPostprocessing = 0;
		};
		7ACE87B81BD7F96A00A6CE7F /* Embed Watch Content */ = {
			isa = PBXCopyFilesBuildPhase;
			buildActionMask = 2147483647;
			dstPath = "$(CONTENTS_FOLDER_PATH)/Watch";
			dstSubfolderSpec = 16;
			files = (
				7ACE87911BD7F96A00A6CE7F /* FallWatch WatchKit App.app in Embed Watch Content */,
			);
			name = "Embed Watch Content";
			runOnlyForDeploymentPostprocessing = 0;
		};
/* End PBXCopyFilesBuildPhase section */

/* Begin PBXFileReference section */
		7ACE877E1BD7F96A00A6CE7F /* FallWatch.app */ = {isa = PBXFileReference; explicitFileType = wrapper.application; includeInIndex = 0; path = FallWatch.app; sourceTree = BUILT_PRODUCTS_DIR; };
		7ACE87811BD7F96A00A6CE7F /* AppDelegate.swift */ = {isa = PBXFileReference; lastKnownFileType = sourcecode.swift; path = AppDelegate.swift; sourceTree = "<group>"; };
		7ACE87831BD7F96A00A6CE7F /* ViewController.swift */ = {isa = PBXFileReference; lastKnownFileType = sourcecode.swift; path = ViewController.swift; sourceTree = "<group>"; };
		7ACE87861BD7F96A00A6CE7F /* Base */ = {isa = PBXFileReference; lastKnownFileType = file.storyboard; name = Base; path = Base.lproj/Main.storyboard; sourceTree = "<group>"; };
		7ACE87881BD7F96A00A6CE7F /* Assets.xcassets */ = {isa = PBXFileReference; lastKnownFileType = folder.assetcatalog; path = Assets.xcassets; sourceTree = "<group>"; };
		7ACE878B1BD7F96A00A6CE7F /* Base */ = {isa = PBXFileReference; lastKnownFileType = file.storyboard; name = Base; path = Base.lproj/LaunchScreen.storyboard; sourceTree = "<group>"; };
		7ACE878D1BD7F96A00A6CE7F /* Info.plist */ = {isa = PBXFileReference; lastKnownFileType = text.plist.xml; path = Info.plist; sourceTree = "<group>"; };
		7ACE87901BD7F96A00A6CE7F /* FallWatch WatchKit App.app */ = {isa = PBXFileReference; explicitFileType = wrapper.application; includeInIndex = 0; path = "FallWatch WatchKit App.app"; sourceTree = BUILT_PRODUCTS_DIR; };
		7ACE87961BD7F96A00A6CE7F /* Base */ = {isa = PBXFileReference; lastKnownFileType = file.storyboard; name = Base; path = Base.lproj/Interface.storyboard; sourceTree = "<group>"; };
		7ACE87981BD7F96A00A6CE7F /* Assets.xcassets */ = {isa = PBXFileReference; lastKnownFileType = folder.assetcatalog; path = Assets.xcassets; sourceTree = "<group>"; };
		7ACE879A1BD7F96A00A6CE7F /* Info.plist */ = {isa = PBXFileReference; lastKnownFileType = text.plist.xml; path = Info.plist; sourceTree = "<group>"; };
		7ACE879F1BD7F96A00A6CE7F /* FallWatch WatchKit Extension.appex */ = {isa = PBXFileReference; explicitFileType = "wrapper.app-extension"; includeInIndex = 0; path = "FallWatch WatchKit Extension.appex"; sourceTree = BUILT_PRODUCTS_DIR; };
		7ACE87A51BD7F96A00A6CE7F /* PushNotificationPayload.apns */ = {isa = PBXFileReference; lastKnownFileType = text; path = PushNotificationPayload.apns; sourceTree = "<group>"; };
		7ACE87A61BD7F96A00A6CE7F /* InterfaceController.swift */ = {isa = PBXFileReference; lastKnownFileType = sourcecode.swift; path = InterfaceController.swift; sourceTree = "<group>"; };
		7ACE87A81BD7F96A00A6CE7F /* ExtensionDelegate.swift */ = {isa = PBXFileReference; lastKnownFileType = sourcecode.swift; path = ExtensionDelegate.swift; sourceTree = "<group>"; };
		7ACE87AA1BD7F96A00A6CE7F /* NotificationController.swift */ = {isa = PBXFileReference; lastKnownFileType = sourcecode.swift; path = NotificationController.swift; sourceTree = "<group>"; };
		7ACE87AC1BD7F96A00A6CE7F /* Assets.xcassets */ = {isa = PBXFileReference; lastKnownFileType = folder.assetcatalog; path = Assets.xcassets; sourceTree = "<group>"; };
		7ACE87AE1BD7F96A00A6CE7F /* Info.plist */ = {isa = PBXFileReference; lastKnownFileType = text.plist.xml; path = Info.plist; sourceTree = "<group>"; };
/* End PBXFileReference section */

/* Begin PBXFrameworksBuildPhase section */
		7ACE877B1BD7F96900A6CE7F /* Frameworks */ = {
			isa = PBXFrameworksBuildPhase;
			buildActionMask = 2147483647;
			files = (
			);
			runOnlyForDeploymentPostprocessing = 0;
		};
		7ACE879C1BD7F96A00A6CE7F /* Frameworks */ = {
			isa = PBXFrameworksBuildPhase;
			buildActionMask = 2147483647;
			files = (
			);
			runOnlyForDeploymentPostprocessing = 0;
		};
/* End PBXFrameworksBuildPhase section */

/* Begin PBXGroup section */
		7ACE87751BD7F96900A6CE7F = {
			isa = PBXGroup;
			children = (
				7ACE87801BD7F96A00A6CE7F /* FallWatch */,
				7ACE87941BD7F96A00A6CE7F /* FallWatch WatchKit App */,
				7ACE87A31BD7F96A00A6CE7F /* FallWatch WatchKit Extension */,
				7ACE877F1BD7F96A00A6CE7F /* Products */,
			);
			sourceTree = "<group>";
		};
		7ACE877F1BD7F96A00A6CE7F /* Products */ = {
			isa = PBXGroup;
			children = (
				7ACE877E1BD7F96A00A6CE7F /* FallWatch.app */,
				7ACE87901BD7F96A00A6CE7F /* FallWatch WatchKit App.app */,
				7ACE879F1BD7F96A00A6CE7F /* FallWatch WatchKit Extension.appex */,
			);
			name = Products;
			sourceTree = "<group>";
		};
		7ACE87801BD7F96A00A6CE7F /* FallWatch */ = {
			isa = PBXGroup;
			children = (
				7ACE87811BD7F96A00A6CE7F /* AppDelegate.swift */,
				7ACE87831BD7F96A00A6CE7F /* ViewController.swift */,
				7ACE87851BD7F96A00A6CE7F /* Main.storyboard */,
				7ACE87881BD7F96A00A6CE7F /* Assets.xcassets */,
				7ACE878A1BD7F96A00A6CE7F /* LaunchScreen.storyboard */,
				7ACE878D1BD7F96A00A6CE7F /* Info.plist */,
			);
			path = FallWatch;
			sourceTree = "<group>";
		};
		7ACE87941BD7F96A00A6CE7F /* FallWatch WatchKit App */ = {
			isa = PBXGroup;
			children = (
				7ACE87951BD7F96A00A6CE7F /* Interface.storyboard */,
				7ACE87981BD7F96A00A6CE7F /* Assets.xcassets */,
				7ACE879A1BD7F96A00A6CE7F /* Info.plist */,
			);
			path = "FallWatch WatchKit App";
			sourceTree = "<group>";
		};
		7ACE87A31BD7F96A00A6CE7F /* FallWatch WatchKit Extension */ = {
			isa = PBXGroup;
			children = (
				7ACE87A61BD7F96A00A6CE7F /* InterfaceController.swift */,
				7ACE87A81BD7F96A00A6CE7F /* ExtensionDelegate.swift */,
				7ACE87AA1BD7F96A00A6CE7F /* NotificationController.swift */,
				7ACE87AC1BD7F96A00A6CE7F /* Assets.xcassets */,
				7ACE87AE1BD7F96A00A6CE7F /* Info.plist */,
				7ACE87A41BD7F96A00A6CE7F /* Supporting Files */,
			);
			path = "FallWatch WatchKit Extension";
			sourceTree = "<group>";
		};
		7ACE87A41BD7F96A00A6CE7F /* Supporting Files */ = {
			isa = PBXGroup;
			children = (
				7ACE87A51BD7F96A00A6CE7F /* PushNotificationPayload.apns */,
			);
			name = "Supporting Files";
			sourceTree = "<group>";
		};
/* End PBXGroup section */

/* Begin PBXNativeTarget section */
		7ACE877D1BD7F96900A6CE7F /* FallWatch */ = {
			isa = PBXNativeTarget;
			buildConfigurationList = 7ACE87B91BD7F96A00A6CE7F /* Build configuration list for PBXNativeTarget "FallWatch" */;
			buildPhases = (
				7ACE877A1BD7F96900A6CE7F /* Sources */,
				7ACE877B1BD7F96900A6CE7F /* Frameworks */,
				7ACE877C1BD7F96900A6CE7F /* Resources */,
				7ACE87B81BD7F96A00A6CE7F /* Embed Watch Content */,
			);
			buildRules = (
			);
			dependencies = (
				7ACE87931BD7F96A00A6CE7F /* PBXTargetDependency */,
			);
			name = FallWatch;
			productName = FallWatch;
			productReference = 7ACE877E1BD7F96A00A6CE7F /* FallWatch.app */;
			productType = "com.apple.product-type.application";
		};
		7ACE878F1BD7F96A00A6CE7F /* FallWatch WatchKit App */ = {
			isa = PBXNativeTarget;
			buildConfigurationList = 7ACE87B51BD7F96A00A6CE7F /* Build configuration list for PBXNativeTarget "FallWatch WatchKit App" */;
			buildPhases = (
				7ACE878E1BD7F96A00A6CE7F /* Resources */,
				7ACE87B41BD7F96A00A6CE7F /* Embed App Extensions */,
			);
			buildRules = (
			);
			dependencies = (
				7ACE87A21BD7F96A00A6CE7F /* PBXTargetDependency */,
			);
			name = "FallWatch WatchKit App";
			productName = "FallWatch WatchKit App";
			productReference = 7ACE87901BD7F96A00A6CE7F /* FallWatch WatchKit App.app */;
			productType = "com.apple.product-type.application.watchapp2";
		};
		7ACE879E1BD7F96A00A6CE7F /* FallWatch WatchKit Extension */ = {
			isa = PBXNativeTarget;
			buildConfigurationList = 7ACE87B11BD7F96A00A6CE7F /* Build configuration list for PBXNativeTarget "FallWatch WatchKit Extension" */;
			buildPhases = (
				7ACE879B1BD7F96A00A6CE7F /* Sources */,
				7ACE879C1BD7F96A00A6CE7F /* Frameworks */,
				7ACE879D1BD7F96A00A6CE7F /* Resources */,
			);
			buildRules = (
			);
			dependencies = (
			);
			name = "FallWatch WatchKit Extension";
			productName = "FallWatch WatchKit Extension";
			productReference = 7ACE879F1BD7F96A00A6CE7F /* FallWatch WatchKit Extension.appex */;
			productType = "com.apple.product-type.watchkit2-extension";
		};
/* End PBXNativeTarget section */

/* Begin PBXProject section */
		7ACE87761BD7F96900A6CE7F /* Project object */ = {
			isa = PBXProject;
			attributes = {
				LastUpgradeCheck = 0710;
				ORGANIZATIONNAME = FallWatch;
				TargetAttributes = {
					7ACE877D1BD7F96900A6CE7F = {
						CreatedOnToolsVersion = 7.1;
						DevelopmentTeam = 6P4A6KN8B8;
					};
					7ACE878F1BD7F96A00A6CE7F = {
						CreatedOnToolsVersion = 7.1;
						DevelopmentTeam = 6P4A6KN8B8;
					};
					7ACE879E1BD7F96A00A6CE7F = {
						CreatedOnToolsVersion = 7.1;
						DevelopmentTeam = 6P4A6KN8B8;
					};
				};
			};
			buildConfigurationList = 7ACE87791BD7F96900A6CE7F /* Build configuration list for PBXProject "FallWatch" */;
			compatibilityVersion = "Xcode 3.2";
			developmentRegion = English;
			hasScannedForEncodings = 0;
			knownRegions = (
				en,
				Base,
			);
			mainGroup = 7ACE87751BD7F96900A6CE7F;
			productRefGroup = 7ACE877F1BD7F96A00A6CE7F /* Products */;
			projectDirPath = "";
			projectRoot = "";
			targets = (
				7ACE877D1BD7F96900A6CE7F /* FallWatch */,
				7ACE878F1BD7F96A00A6CE7F /* FallWatch WatchKit App */,
				7ACE879E1BD7F96A00A6CE7F /* FallWatch WatchKit Extension */,
			);
		};
/* End PBXProject section */

/* Begin PBXResourcesBuildPhase section */
		7ACE877C1BD7F96900A6CE7F /* Resources */ = {
			isa = PBXResourcesBuildPhase;
			buildActionMask = 2147483647;
			files = (
				7ACE878C1BD7F96A00A6CE7F /* LaunchScreen.storyboard in Resources */,
				7ACE87891BD7F96A00A6CE7F /* Assets.xcassets in Resources */,
				7ACE87871BD7F96A00A6CE7F /* Main.storyboard in Resources */,
			);
			runOnlyForDeploymentPostprocessing = 0;
		};
		7ACE878E1BD7F96A00A6CE7F /* Resources */ = {
			isa = PBXResourcesBuildPhase;
			buildActionMask = 2147483647;
			files = (
				7ACE87991BD7F96A00A6CE7F /* Assets.xcassets in Resources */,
				7ACE87971BD7F96A00A6CE7F /* Interface.storyboard in Resources */,
			);
			runOnlyForDeploymentPostprocessing = 0;
		};
		7ACE879D1BD7F96A00A6CE7F /* Resources */ = {
			isa = PBXResourcesBuildPhase;
			buildActionMask = 2147483647;
			files = (
				7ACE87AD1BD7F96A00A6CE7F /* Assets.xcassets in Resources */,
			);
			runOnlyForDeploymentPostprocessing = 0;
		};
/* End PBXResourcesBuildPhase section */

/* Begin PBXSourcesBuildPhase section */
		7ACE877A1BD7F96900A6CE7F /* Sources */ = {
			isa = PBXSourcesBuildPhase;
			buildActionMask = 2147483647;
			files = (
				7ACE87841BD7F96A00A6CE7F /* ViewController.swift in Sources */,
				7ACE87821BD7F96A00A6CE7F /* AppDelegate.swift in Sources */,
			);
			runOnlyForDeploymentPostprocessing = 0;
		};
		7ACE879B1BD7F96A00A6CE7F /* Sources */ = {
			isa = PBXSourcesBuildPhase;
			buildActionMask = 2147483647;
			files = (
				7ACE87AB1BD7F96A00A6CE7F /* NotificationController.swift in Sources */,
				7ACE87A91BD7F96A00A6CE7F /* ExtensionDelegate.swift in Sources */,
				7ACE87A71BD7F96A00A6CE7F /* InterfaceController.swift in Sources */,
			);
			runOnlyForDeploymentPostprocessing = 0;
		};
/* End PBXSourcesBuildPhase section */

/* Begin PBXTargetDependency section */
		7ACE87931BD7F96A00A6CE7F /* PBXTargetDependency */ = {
			isa = PBXTargetDependency;
			target = 7ACE878F1BD7F96A00A6CE7F /* FallWatch WatchKit App */;
			targetProxy = 7ACE87921BD7F96A00A6CE7F /* PBXContainerItemProxy */;
		};
		7ACE87A21BD7F96A00A6CE7F /* PBXTargetDependency */ = {
			isa = PBXTargetDependency;
			target = 7ACE879E1BD7F96A00A6CE7F /* FallWatch WatchKit Extension */;
			targetProxy = 7ACE87A11BD7F96A00A6CE7F /* PBXContainerItemProxy */;
		};
/* End PBXTargetDependency section */

/* Begin PBXVariantGroup section */
		7ACE87851BD7F96A00A6CE7F /* Main.storyboard */ = {
			isa = PBXVariantGroup;
			children = (
				7ACE87861BD7F96A00A6CE7F /* Base */,
			);
			name = Main.storyboard;
			sourceTree = "<group>";
		};
		7ACE878A1BD7F96A00A6CE7F /* LaunchScreen.storyboard */ = {
			isa = PBXVariantGroup;
			children = (
				7ACE878B1BD7F96A00A6CE7F /* Base */,
			);
			name = LaunchScreen.storyboard;
			sourceTree = "<group>";
		};
		7ACE87951BD7F96A00A6CE7F /* Interface.storyboard */ = {
			isa = PBXVariantGroup;
			children = (
				7ACE87961BD7F96A00A6CE7F /* Base */,
			);
			name = Interface.storyboard;
			sourceTree = "<group>";
		};
/* End PBXVariantGroup section */

/* Begin XCBuildConfiguration section */
		7ACE87AF1BD7F96A00A6CE7F /* Debug */ = {
			isa = XCBuildConfiguration;
			buildSettings = {
				ALWAYS_SEARCH_USER_PATHS = NO;
				CLANG_CXX_LANGUAGE_STANDARD = "gnu++0x";
				CLANG_CXX_LIBRARY = "libc++";
				CLANG_ENABLE_MODULES = YES;
				CLANG_ENABLE_OBJC_ARC = YES;
				CLANG_WARN_BOOL_CONVERSION = YES;
				CLANG_WARN_CONSTANT_CONVERSION = YES;
				CLANG_WARN_DIRECT_OBJC_ISA_USAGE = YES_ERROR;
				CLANG_WARN_EMPTY_BODY = YES;
				CLANG_WARN_ENUM_CONVERSION = YES;
				CLANG_WARN_INT_CONVERSION = YES;
				CLANG_WARN_OBJC_ROOT_CLASS = YES_ERROR;
				CLANG_WARN_UNREACHABLE_CODE = YES;
				CLANG_WARN__DUPLICATE_METHOD_MATCH = YES;
				"CODE_SIGN_IDENTITY[sdk=iphoneos*]" = "iPhone Developer";
				COPY_PHASE_STRIP = NO;
				DEBUG_INFORMATION_FORMAT = dwarf;
				ENABLE_STRICT_OBJC_MSGSEND = YES;
				ENABLE_TESTABILITY = YES;
				GCC_C_LANGUAGE_STANDARD = gnu99;
				GCC_DYNAMIC_NO_PIC = NO;
				GCC_NO_COMMON_BLOCKS = YES;
				GCC_OPTIMIZATION_LEVEL = 0;
				GCC_PREPROCESSOR_DEFINITIONS = (
					"DEBUG=1",
					"$(inherited)",
				);
				GCC_WARN_64_TO_32_BIT_CONVERSION = YES;
				GCC_WARN_ABOUT_RETURN_TYPE = YES_ERROR;
				GCC_WARN_UNDECLARED_SELECTOR = YES;
				GCC_WARN_UNINITIALIZED_AUTOS = YES_AGGRESSIVE;
				GCC_WARN_UNUSED_FUNCTION = YES;
				GCC_WARN_UNUSED_VARIABLE = YES;
				IPHONEOS_DEPLOYMENT_TARGET = 9.1;
				MTL_ENABLE_DEBUG_INFO = YES;
				ONLY_ACTIVE_ARCH = YES;
				SDKROOT = iphoneos;
				SWIFT_OPTIMIZATION_LEVEL = "-Onone";
			};
			name = Debug;
		};
		7ACE87B01BD7F96A00A6CE7F /* Release */ = {
			isa = XCBuildConfiguration;
			buildSettings = {
				ALWAYS_SEARCH_USER_PATHS = NO;
				CLANG_CXX_LANGUAGE_STANDARD = "gnu++0x";
				CLANG_CXX_LIBRARY = "libc++";
				CLANG_ENABLE_MODULES = YES;
				CLANG_ENABLE_OBJC_ARC = YES;
				CLANG_WARN_BOOL_CONVERSION = YES;
				CLANG_WARN_CONSTANT_CONVERSION = YES;
				CLANG_WARN_DIRECT_OBJC_ISA_USAGE = YES_ERROR;
				CLANG_WARN_EMPTY_BODY = YES;
				CLANG_WARN_ENUM_CONVERSION = YES;
				CLANG_WARN_INT_CONVERSION = YES;
				CLANG_WARN_OBJC_ROOT_CLASS = YES_ERROR;
				CLANG_WARN_UNREACHABLE_CODE = YES;
				CLANG_WARN__DUPLICATE_METHOD_MATCH = YES;
				"CODE_SIGN_IDENTITY[sdk=iphoneos*]" = "iPhone Developer";
				COPY_PHASE_STRIP = NO;
				DEBUG_INFORMATION_FORMAT = "dwarf-with-dsym";
				ENABLE_NS_ASSERTIONS = NO;
				ENABLE_STRICT_OBJC_MSGSEND = YES;
				GCC_C_LANGUAGE_STANDARD = gnu99;
				GCC_NO_COMMON_BLOCKS = YES;
				GCC_WARN_64_TO_32_BIT_CONVERSION = YES;
				GCC_WARN_ABOUT_RETURN_TYPE = YES_ERROR;
				GCC_WARN_UNDECLARED_SELECTOR = YES;
				GCC_WARN_UNINITIALIZED_AUTOS = YES_AGGRESSIVE;
				GCC_WARN_UNUSED_FUNCTION = YES;
				GCC_WARN_UNUSED_VARIABLE = YES;
				IPHONEOS_DEPLOYMENT_TARGET = 9.1;
				MTL_ENABLE_DEBUG_INFO = NO;
				SDKROOT = iphoneos;
				VALIDATE_PRODUCT = YES;
			};
			name = Release;
		};
		7ACE87B21BD7F96A00A6CE7F /* Debug */ = {
			isa = XCBuildConfiguration;
			buildSettings = {
				INFOPLIST_FILE = "FallWatch WatchKit Extension/Info.plist";
				LD_RUNPATH_SEARCH_PATHS = "$(inherited) @executable_path/Frameworks @executable_path/../../Frameworks";
				PRODUCT_BUNDLE_IDENTIFIER = me.fallwatch.FallWatch.watchkitapp.watchkitextension;
				PRODUCT_NAME = "${TARGET_NAME}";
				SDKROOT = watchos;
				SKIP_INSTALL = YES;
				TARGETED_DEVICE_FAMILY = 4;
				WATCHOS_DEPLOYMENT_TARGET = 2.0;
			};
			name = Debug;
		};
		7ACE87B31BD7F96A00A6CE7F /* Release */ = {
			isa = XCBuildConfiguration;
			buildSettings = {
				INFOPLIST_FILE = "FallWatch WatchKit Extension/Info.plist";
				LD_RUNPATH_SEARCH_PATHS = "$(inherited) @executable_path/Frameworks @executable_path/../../Frameworks";
				PRODUCT_BUNDLE_IDENTIFIER = me.fallwatch.FallWatch.watchkitapp.watchkitextension;
				PRODUCT_NAME = "${TARGET_NAME}";
				SDKROOT = watchos;
				SKIP_INSTALL = YES;
				TARGETED_DEVICE_FAMILY = 4;
				WATCHOS_DEPLOYMENT_TARGET = 2.0;
			};
			name = Release;
		};
		7ACE87B61BD7F96A00A6CE7F /* Debug */ = {
			isa = XCBuildConfiguration;
			buildSettings = {
				ASSETCATALOG_COMPILER_APPICON_NAME = AppIcon;
				EMBEDDED_CONTENT_CONTAINS_SWIFT = YES;
				IBSC_MODULE = FallWatch_WatchKit_Extension;
				INFOPLIST_FILE = "FallWatch WatchKit App/Info.plist";
				PRODUCT_BUNDLE_IDENTIFIER = me.fallwatch.FallWatch.watchkitapp;
				PRODUCT_NAME = "$(TARGET_NAME)";
				SDKROOT = watchos;
				SKIP_INSTALL = YES;
				TARGETED_DEVICE_FAMILY = 4;
				WATCHOS_DEPLOYMENT_TARGET = 2.0;
			};
			name = Debug;
		};
		7ACE87B71BD7F96A00A6CE7F /* Release */ = {
			isa = XCBuildConfiguration;
			buildSettings = {
				ASSETCATALOG_COMPILER_APPICON_NAME = AppIcon;
				EMBEDDED_CONTENT_CONTAINS_SWIFT = YES;
				IBSC_MODULE = FallWatch_WatchKit_Extension;
				INFOPLIST_FILE = "FallWatch WatchKit App/Info.plist";
				PRODUCT_BUNDLE_IDENTIFIER = me.fallwatch.FallWatch.watchkitapp;
				PRODUCT_NAME = "$(TARGET_NAME)";
				SDKROOT = watchos;
				SKIP_INSTALL = YES;
				TARGETED_DEVICE_FAMILY = 4;
				WATCHOS_DEPLOYMENT_TARGET = 2.0;
			};
			name = Release;
		};
		7ACE87BA1BD7F96A00A6CE7F /* Debug */ = {
			isa = XCBuildConfiguration;
			buildSettings = {
				ASSETCATALOG_COMPILER_APPICON_NAME = AppIcon;
				INFOPLIST_FILE = FallWatch/Info.plist;
				LD_RUNPATH_SEARCH_PATHS = "$(inherited) @executable_path/Frameworks";
				PRODUCT_BUNDLE_IDENTIFIER = me.fallwatch.FallWatch;
				PRODUCT_NAME = "$(TARGET_NAME)";
			};
			name = Debug;
		};
		7ACE87BB1BD7F96A00A6CE7F /* Release */ = {
			isa = XCBuildConfiguration;
			buildSettings = {
				ASSETCATALOG_COMPILER_APPICON_NAME = AppIcon;
				INFOPLIST_FILE = FallWatch/Info.plist;
				LD_RUNPATH_SEARCH_PATHS = "$(inherited) @executable_path/Frameworks";
				PRODUCT_BUNDLE_IDENTIFIER = me.fallwatch.FallWatch;
				PRODUCT_NAME = "$(TARGET_NAME)";
			};
			name = Release;
		};
/* End XCBuildConfiguration section */

/* Begin XCConfigurationList section */
		7ACE87791BD7F96900A6CE7F /* Build configuration list for PBXProject "FallWatch" */ = {
			isa = XCConfigurationList;
			buildConfigurations = (
				7ACE87AF1BD7F96A00A6CE7F /* Debug */,
				7ACE87B01BD7F96A00A6CE7F /* Release */,
			);
			defaultConfigurationIsVisible = 0;
			defaultConfigurationName = Release;
		};
		7ACE87B11BD7F96A00A6CE7F /* Build configuration list for PBXNativeTarget "FallWatch WatchKit Extension" */ = {
			isa = XCConfigurationList;
			buildConfigurations = (
				7ACE87B21BD7F96A00A6CE7F /* Debug */,
				7ACE87B31BD7F96A00A6CE7F /* Release */,
			);
			defaultConfigurationIsVisible = 0;
		};
		7ACE87B51BD7F96A00A6CE7F /* Build configuration list for PBXNativeTarget "FallWatch WatchKit App" */ = {
			isa = XCConfigurationList;
			buildConfigurations = (
				7ACE87B61BD7F96A00A6CE7F /* Debug */,
				7ACE87B71BD7F96A00A6CE7F /* Release */,
			);
			defaultConfigurationIsVisible = 0;
		};
		7ACE87B91BD7F96A00A6CE7F /* Build configuration list for PBXNativeTarget "FallWatch" */ = {
			isa = XCConfigurationList;
			buildConfigurations = (
				7ACE87BA1BD7F96A00A6CE7F /* Debug */,
				7ACE87BB1BD7F96A00A6CE7F /* Release */,
			);
			defaultConfigurationIsVisible = 0;
		};
/* End XCConfigurationList section */
	};
	rootObject = 7ACE87761BD7F96900A6CE7F /* Project object */;
}
